
Microsoft Visual Studio Solution File, Format Version 12.00
# Visual Studio 15
VisualStudioVersion = 15.0.27428.2002
MinimumVisualStudioVersion = 10.0.40219.1
Project("{FAE04EC0-301F-11D3-BF4B-00C04F79EFBC}") = "Group 4 Application", "Group 4 Application\Group 4 Application.csproj", "{FF25F66E-BDED-445C-ABF3-148869E9EF85}"
EndProject
Global
	GlobalSection(SolutionConfigurationPlatforms) = preSolution
		Debug|Any CPU = Debug|Any CPU
		Release|Any CPU = Release|Any CPU
	EndGlobalSection
	GlobalSection(ProjectConfigurationPlatforms) = postSolution
		{FF25F66E-BDED-445C-ABF3-148869E9EF85}.Debug|Any CPU.ActiveCfg = Debug|Any CPU
		{FF25F66E-BDED-445C-ABF3-148869E9EF85}.Debug|Any CPU.Build.0 = Debug|Any CPU
		{FF25F66E-BDED-445C-ABF3-148869E9EF85}.Release|Any CPU.ActiveCfg = Release|Any CPU
		{FF25F66E-BDED-445C-ABF3-148869E9EF85}.Release|Any CPU.Build.0 = Release|Any CPU
	EndGlobalSection
	GlobalSection(SolutionProperties) = preSolution
		HideSolutionNode = FALSE
	EndGlobalSection
	GlobalSection(ExtensibilityGlobals) = postSolution
		SolutionGuid = {32177134-E1DA-48F6-83F9-2F12F3222B07}
	EndGlobalSection
EndGlobal
