
Microsoft Visual Studio Solution File, Format Version 12.00
# Visual Studio 15
VisualStudioVersion = 15.0.27428.2002
MinimumVisualStudioVersion = 10.0.40219.1
Project("{FAE04EC0-301F-11D3-BF4B-00C04F79EFBC}") = "School", "School\School.csproj", "{B397F7FF-5F63-4927-A1F2-902E092E60EB}"
EndProject
Project("{FAE04EC0-301F-11D3-BF4B-00C04F79EFBC}") = "UnitTestProject1", "UnitTestProject1\UnitTestProject1.csproj", "{F2AA7088-B597-4FCC-8D83-E2317BE7C376}"
EndProject
Global
	GlobalSection(SolutionConfigurationPlatforms) = preSolution
		Debug|Any CPU = Debug|Any CPU
		Release|Any CPU = Release|Any CPU
	EndGlobalSection
	GlobalSection(ProjectConfigurationPlatforms) = postSolution
		{B397F7FF-5F63-4927-A1F2-902E092E60EB}.Debug|Any CPU.ActiveCfg = Debug|Any CPU
		{B397F7FF-5F63-4927-A1F2-902E092E60EB}.Debug|Any CPU.Build.0 = Debug|Any CPU
		{B397F7FF-5F63-4927-A1F2-902E092E60EB}.Release|Any CPU.ActiveCfg = Release|Any CPU
		{B397F7FF-5F63-4927-A1F2-902E092E60EB}.Release|Any CPU.Build.0 = Release|Any CPU
		{F2AA7088-B597-4FCC-8D83-E2317BE7C376}.Debug|Any CPU.ActiveCfg = Debug|Any CPU
		{F2AA7088-B597-4FCC-8D83-E2317BE7C376}.Debug|Any CPU.Build.0 = Debug|Any CPU
		{F2AA7088-B597-4FCC-8D83-E2317BE7C376}.Release|Any CPU.ActiveCfg = Release|Any CPU
		{F2AA7088-B597-4FCC-8D83-E2317BE7C376}.Release|Any CPU.Build.0 = Release|Any CPU
	EndGlobalSection
	GlobalSection(SolutionProperties) = preSolution
		HideSolutionNode = FALSE
	EndGlobalSection
	GlobalSection(ExtensibilityGlobals) = postSolution
		SolutionGuid = {D2FB9D34-FF48-4D5B-B64B-BF860564C6D2}
	EndGlobalSection
EndGlobal
