
Microsoft Visual Studio Solution File, Format Version 12.00
# Visual Studio 15
VisualStudioVersion = 15.0.27428.2002
MinimumVisualStudioVersion = 10.0.40219.1
Project("{FAE04EC0-301F-11D3-BF4B-00C04F79EFBC}") = "Courseplanner", "Courseplanner\Courseplanner.csproj", "{9CBBF485-9C38-4569-8A83-5E8B5B763C8D}"
EndProject
Global
	GlobalSection(SolutionConfigurationPlatforms) = preSolution
		Debug|Any CPU = Debug|Any CPU
		Release|Any CPU = Release|Any CPU
	EndGlobalSection
	GlobalSection(ProjectConfigurationPlatforms) = postSolution
		{9CBBF485-9C38-4569-8A83-5E8B5B763C8D}.Debug|Any CPU.ActiveCfg = Debug|Any CPU
		{9CBBF485-9C38-4569-8A83-5E8B5B763C8D}.Debug|Any CPU.Build.0 = Debug|Any CPU
		{9CBBF485-9C38-4569-8A83-5E8B5B763C8D}.Release|Any CPU.ActiveCfg = Release|Any CPU
		{9CBBF485-9C38-4569-8A83-5E8B5B763C8D}.Release|Any CPU.Build.0 = Release|Any CPU
	EndGlobalSection
	GlobalSection(SolutionProperties) = preSolution
		HideSolutionNode = FALSE
	EndGlobalSection
	GlobalSection(ExtensibilityGlobals) = postSolution
		SolutionGuid = {03F02D48-3AA6-4E93-9C8F-84545A627C77}
	EndGlobalSection
EndGlobal
